// !$*UTF8*$!
{
	archiveVersion = 1;
	classes = {
	};
	objectVersion = 50;
	objects = {

/* Begin PBXBuildFile section */
		6D765130233E906A00A98D45 /* MockDeleteNote.swift in Sources */ = {isa = PBXBuildFile; fileRef = 6D76512F233E906A00A98D45 /* MockDeleteNote.swift */; };
		6D765132233E91F700A98D45 /* Note+dummy.swift in Sources */ = {isa = PBXBuildFile; fileRef = 6D765131233E91F700A98D45 /* Note+dummy.swift */; };
		6D765136233E938800A98D45 /* EditNoteViewController.swift in Sources */ = {isa = PBXBuildFile; fileRef = 6D765134233E938800A98D45 /* EditNoteViewController.swift */; };
		6D765137233E938800A98D45 /* EditNoteViewController.xib in Resources */ = {isa = PBXBuildFile; fileRef = 6D765135233E938800A98D45 /* EditNoteViewController.xib */; };
		6D765139233EAD9300A98D45 /* EditNotePresenter.swift in Sources */ = {isa = PBXBuildFile; fileRef = 6D765138233EAD9300A98D45 /* EditNotePresenter.swift */; };
		6D76513B233EAECD00A98D45 /* EditNoteNavigator.swift in Sources */ = {isa = PBXBuildFile; fileRef = 6D76513A233EAECD00A98D45 /* EditNoteNavigator.swift */; };
		6D76513D233EAF4F00A98D45 /* EditNoteBuilder.swift in Sources */ = {isa = PBXBuildFile; fileRef = 6D76513C233EAF4F00A98D45 /* EditNoteBuilder.swift */; };
		6D843A052342880A004A6B20 /* LoginViewController.swift in Sources */ = {isa = PBXBuildFile; fileRef = 6D843A032342880A004A6B20 /* LoginViewController.swift */; };
		6D843A062342880A004A6B20 /* LoginViewController.xib in Resources */ = {isa = PBXBuildFile; fileRef = 6D843A042342880A004A6B20 /* LoginViewController.xib */; };
		6D843A0823428BF7004A6B20 /* LoginBuilder.swift in Sources */ = {isa = PBXBuildFile; fileRef = 6D843A0723428BF7004A6B20 /* LoginBuilder.swift */; };
		6D843A0A2342952A004A6B20 /* LoginPresenter.swift in Sources */ = {isa = PBXBuildFile; fileRef = 6D843A092342952A004A6B20 /* LoginPresenter.swift */; };
		6D843A0C2342999D004A6B20 /* LoginUser.swift in Sources */ = {isa = PBXBuildFile; fileRef = 6D843A0B2342999D004A6B20 /* LoginUser.swift */; };
		6D843A0E23429ACB004A6B20 /* User.swift in Sources */ = {isa = PBXBuildFile; fileRef = 6D843A0D23429ACB004A6B20 /* User.swift */; };
		6D843A1023429DC0004A6B20 /* LoginNavigator.swift in Sources */ = {isa = PBXBuildFile; fileRef = 6D843A0F23429DC0004A6B20 /* LoginNavigator.swift */; };
		6D843A1223429E8A004A6B20 /* UsersService.swift in Sources */ = {isa = PBXBuildFile; fileRef = 6D843A1123429E8A004A6B20 /* UsersService.swift */; };
		6D843A142342A45C004A6B20 /* AuthenticationService.swift in Sources */ = {isa = PBXBuildFile; fileRef = 6D843A132342A45C004A6B20 /* AuthenticationService.swift */; };
		6D843A162342A531004A6B20 /* SessionsRepository.swift in Sources */ = {isa = PBXBuildFile; fileRef = 6D843A152342A531004A6B20 /* SessionsRepository.swift */; };
		6D843A182342A549004A6B20 /* Session.swift in Sources */ = {isa = PBXBuildFile; fileRef = 6D843A172342A549004A6B20 /* Session.swift */; };
		6D843A1A2342A6C5004A6B20 /* UsersRepository.swift in Sources */ = {isa = PBXBuildFile; fileRef = 6D843A192342A6C5004A6B20 /* UsersRepository.swift */; };
		6D843A1C2342A900004A6B20 /* InMemorySessionsRepository.swift in Sources */ = {isa = PBXBuildFile; fileRef = 6D843A1B2342A900004A6B20 /* InMemorySessionsRepository.swift */; };
		6D843A1E2342A982004A6B20 /* InMemoryUsersRepository.swift in Sources */ = {isa = PBXBuildFile; fileRef = 6D843A1D2342A982004A6B20 /* InMemoryUsersRepository.swift */; };
		6D843A202342A9C6004A6B20 /* UserDTO.swift in Sources */ = {isa = PBXBuildFile; fileRef = 6D843A1F2342A9C6004A6B20 /* UserDTO.swift */; };
		6D843A222342AB1B004A6B20 /* SessionDTO.swift in Sources */ = {isa = PBXBuildFile; fileRef = 6D843A212342AB1B004A6B20 /* SessionDTO.swift */; };
		6D843A242342AF0F004A6B20 /* UserDefaultsNotesRepository.swift in Sources */ = {isa = PBXBuildFile; fileRef = 6D843A232342AF0F004A6B20 /* UserDefaultsNotesRepository.swift */; };
		6DF4A527233AB7CF0077FA75 /* AppDelegate.swift in Sources */ = {isa = PBXBuildFile; fileRef = 6DF4A526233AB7CF0077FA75 /* AppDelegate.swift */; };
		6DF4A529233AB7CF0077FA75 /* NotesListViewController.swift in Sources */ = {isa = PBXBuildFile; fileRef = 6DF4A528233AB7CF0077FA75 /* NotesListViewController.swift */; };
		6DF4A52E233AB7D30077FA75 /* Assets.xcassets in Resources */ = {isa = PBXBuildFile; fileRef = 6DF4A52D233AB7D30077FA75 /* Assets.xcassets */; };
		6DF4A531233AB7D30077FA75 /* LaunchScreen.storyboard in Resources */ = {isa = PBXBuildFile; fileRef = 6DF4A52F233AB7D30077FA75 /* LaunchScreen.storyboard */; };
		6DF4A53C233AB7D30077FA75 /* IDDTodoListTests.swift in Sources */ = {isa = PBXBuildFile; fileRef = 6DF4A53B233AB7D30077FA75 /* IDDTodoListTests.swift */; };
		6DF4A547233AB7D30077FA75 /* IDDTodoListUITests.swift in Sources */ = {isa = PBXBuildFile; fileRef = 6DF4A546233AB7D30077FA75 /* IDDTodoListUITests.swift */; };
		6DF4A558233BB0AE0077FA75 /* CreateNote.swift in Sources */ = {isa = PBXBuildFile; fileRef = 6DF4A557233BB0AE0077FA75 /* CreateNote.swift */; };
		6DF4A55C233BB1F20077FA75 /* NotesListBuilder.swift in Sources */ = {isa = PBXBuildFile; fileRef = 6DF4A55B233BB1F20077FA75 /* NotesListBuilder.swift */; };
		6DF4A560233BB6410077FA75 /* NotesListPresenter.swift in Sources */ = {isa = PBXBuildFile; fileRef = 6DF4A55E233BB6340077FA75 /* NotesListPresenter.swift */; };
		6DF4A562233BB6590077FA75 /* NotesListViewController.xib in Resources */ = {isa = PBXBuildFile; fileRef = 6DF4A561233BB6590077FA75 /* NotesListViewController.xib */; };
		6DF4A567233BB9DE0077FA75 /* AddNoteViewController.xib in Resources */ = {isa = PBXBuildFile; fileRef = 6DF4A566233BB9DE0077FA75 /* AddNoteViewController.xib */; };
		6DF4A56B233BBFCF0077FA75 /* GetNotes.swift in Sources */ = {isa = PBXBuildFile; fileRef = 6DF4A56A233BBFCF0077FA75 /* GetNotes.swift */; };
		6DF4A56D233BC0890077FA75 /* Note.swift in Sources */ = {isa = PBXBuildFile; fileRef = 6DF4A56C233BC0890077FA75 /* Note.swift */; };
		6DF4A56F233BC1190077FA75 /* DefaultGetNotesTests.swift in Sources */ = {isa = PBXBuildFile; fileRef = 6DF4A56E233BC1190077FA75 /* DefaultGetNotesTests.swift */; };
		6DF4A571233BC1BF0077FA75 /* NotesService.swift in Sources */ = {isa = PBXBuildFile; fileRef = 6DF4A570233BC1BF0077FA75 /* NotesService.swift */; };
		6DF4A574233BC2580077FA75 /* MockNotesService.swift in Sources */ = {isa = PBXBuildFile; fileRef = 6DF4A573233BC2580077FA75 /* MockNotesService.swift */; };
		6DF4A577233BEDEA0077FA75 /* NoteViewModel.swift in Sources */ = {isa = PBXBuildFile; fileRef = 6DF4A576233BEDEA0077FA75 /* NoteViewModel.swift */; };
		6DF4A57B233BF0AC0077FA75 /* NotesRepository.swift in Sources */ = {isa = PBXBuildFile; fileRef = 6DF4A57A233BF0AC0077FA75 /* NotesRepository.swift */; };
		6DF4A57E233BF91D0077FA75 /* NoteTableViewCell.swift in Sources */ = {isa = PBXBuildFile; fileRef = 6DF4A57C233BF91D0077FA75 /* NoteTableViewCell.swift */; };
		6DF4A57F233BF91D0077FA75 /* NoteTableViewCell.xib in Resources */ = {isa = PBXBuildFile; fileRef = 6DF4A57D233BF91D0077FA75 /* NoteTableViewCell.xib */; };
		6DF4A583233BFB9E0077FA75 /* NotesListPresenterTests.swift in Sources */ = {isa = PBXBuildFile; fileRef = 6DF4A582233BFB9E0077FA75 /* NotesListPresenterTests.swift */; };
		6DF4A585233BFCAC0077FA75 /* MockGetNotes.swift in Sources */ = {isa = PBXBuildFile; fileRef = 6DF4A584233BFCAC0077FA75 /* MockGetNotes.swift */; };
		6DF4A587233C0CCD0077FA75 /* NotesListCoordinator.swift in Sources */ = {isa = PBXBuildFile; fileRef = 6DF4A586233C0CCD0077FA75 /* NotesListCoordinator.swift */; };
		6DF4A589233C0ECF0077FA75 /* AddNoteViewController.swift in Sources */ = {isa = PBXBuildFile; fileRef = 6DF4A588233C0ECF0077FA75 /* AddNoteViewController.swift */; };
		6DF4A58B233C0EF40077FA75 /* AddNoteBuilder.swift in Sources */ = {isa = PBXBuildFile; fileRef = 6DF4A58A233C0EF40077FA75 /* AddNoteBuilder.swift */; };
		6DF4A58E233C7ACB0077FA75 /* InMemoryNotesRepository.swift in Sources */ = {isa = PBXBuildFile; fileRef = 6DF4A58D233C7ACB0077FA75 /* InMemoryNotesRepository.swift */; };
		6DF4A590233C7B100077FA75 /* SharedDependenciesContainer.swift in Sources */ = {isa = PBXBuildFile; fileRef = 6DF4A58F233C7B100077FA75 /* SharedDependenciesContainer.swift */; };
		6DF4A592233C7F6D0077FA75 /* AddNotePresenter.swift in Sources */ = {isa = PBXBuildFile; fileRef = 6DF4A591233C7F6D0077FA75 /* AddNotePresenter.swift */; };
		6DF4A594233C85F70077FA75 /* AddNoteCoordinator.swift in Sources */ = {isa = PBXBuildFile; fileRef = 6DF4A593233C85F70077FA75 /* AddNoteCoordinator.swift */; };
		6DF4A596233D53BE0077FA75 /* DeleteNote.swift in Sources */ = {isa = PBXBuildFile; fileRef = 6DF4A595233D53BE0077FA75 /* DeleteNote.swift */; };
		6DF4A598233D5CBD0077FA75 /* NoteDTO.swift in Sources */ = {isa = PBXBuildFile; fileRef = 6DF4A597233D5CBD0077FA75 /* NoteDTO.swift */; };
		6DF4A59E233E675E0077FA75 /* EditNote.swift in Sources */ = {isa = PBXBuildFile; fileRef = 6DF4A59D233E675E0077FA75 /* EditNote.swift */; };
/* End PBXBuildFile section */

/* Begin PBXContainerItemProxy section */
		6DF4A538233AB7D30077FA75 /* PBXContainerItemProxy */ = {
			isa = PBXContainerItemProxy;
			containerPortal = 6DF4A51B233AB7CF0077FA75 /* Project object */;
			proxyType = 1;
			remoteGlobalIDString = 6DF4A522233AB7CF0077FA75;
			remoteInfo = IDDTodoList;
		};
		6DF4A543233AB7D30077FA75 /* PBXContainerItemProxy */ = {
			isa = PBXContainerItemProxy;
			containerPortal = 6DF4A51B233AB7CF0077FA75 /* Project object */;
			proxyType = 1;
			remoteGlobalIDString = 6DF4A522233AB7CF0077FA75;
			remoteInfo = IDDTodoList;
		};
/* End PBXContainerItemProxy section */

/* Begin PBXFileReference section */
		6D76512F233E906A00A98D45 /* MockDeleteNote.swift */ = {isa = PBXFileReference; lastKnownFileType = sourcecode.swift; path = MockDeleteNote.swift; sourceTree = "<group>"; };
		6D765131233E91F700A98D45 /* Note+dummy.swift */ = {isa = PBXFileReference; lastKnownFileType = sourcecode.swift; path = "Note+dummy.swift"; sourceTree = "<group>"; };
		6D765134233E938800A98D45 /* EditNoteViewController.swift */ = {isa = PBXFileReference; lastKnownFileType = sourcecode.swift; path = EditNoteViewController.swift; sourceTree = "<group>"; };
		6D765135233E938800A98D45 /* EditNoteViewController.xib */ = {isa = PBXFileReference; lastKnownFileType = file.xib; path = EditNoteViewController.xib; sourceTree = "<group>"; };
		6D765138233EAD9300A98D45 /* EditNotePresenter.swift */ = {isa = PBXFileReference; lastKnownFileType = sourcecode.swift; path = EditNotePresenter.swift; sourceTree = "<group>"; };
		6D76513A233EAECD00A98D45 /* EditNoteNavigator.swift */ = {isa = PBXFileReference; lastKnownFileType = sourcecode.swift; path = EditNoteNavigator.swift; sourceTree = "<group>"; };
		6D76513C233EAF4F00A98D45 /* EditNoteBuilder.swift */ = {isa = PBXFileReference; lastKnownFileType = sourcecode.swift; path = EditNoteBuilder.swift; sourceTree = "<group>"; };
		6D843A032342880A004A6B20 /* LoginViewController.swift */ = {isa = PBXFileReference; lastKnownFileType = sourcecode.swift; path = LoginViewController.swift; sourceTree = "<group>"; };
		6D843A042342880A004A6B20 /* LoginViewController.xib */ = {isa = PBXFileReference; lastKnownFileType = file.xib; path = LoginViewController.xib; sourceTree = "<group>"; };
		6D843A0723428BF7004A6B20 /* LoginBuilder.swift */ = {isa = PBXFileReference; lastKnownFileType = sourcecode.swift; path = LoginBuilder.swift; sourceTree = "<group>"; };
		6D843A092342952A004A6B20 /* LoginPresenter.swift */ = {isa = PBXFileReference; lastKnownFileType = sourcecode.swift; path = LoginPresenter.swift; sourceTree = "<group>"; };
		6D843A0B2342999D004A6B20 /* LoginUser.swift */ = {isa = PBXFileReference; lastKnownFileType = sourcecode.swift; path = LoginUser.swift; sourceTree = "<group>"; };
		6D843A0D23429ACB004A6B20 /* User.swift */ = {isa = PBXFileReference; lastKnownFileType = sourcecode.swift; path = User.swift; sourceTree = "<group>"; };
		6D843A0F23429DC0004A6B20 /* LoginNavigator.swift */ = {isa = PBXFileReference; lastKnownFileType = sourcecode.swift; path = LoginNavigator.swift; sourceTree = "<group>"; };
		6D843A1123429E8A004A6B20 /* UsersService.swift */ = {isa = PBXFileReference; lastKnownFileType = sourcecode.swift; path = UsersService.swift; sourceTree = "<group>"; };
		6D843A132342A45C004A6B20 /* AuthenticationService.swift */ = {isa = PBXFileReference; lastKnownFileType = sourcecode.swift; path = AuthenticationService.swift; sourceTree = "<group>"; };
		6D843A152342A531004A6B20 /* SessionsRepository.swift */ = {isa = PBXFileReference; lastKnownFileType = sourcecode.swift; path = SessionsRepository.swift; sourceTree = "<group>"; };
		6D843A172342A549004A6B20 /* Session.swift */ = {isa = PBXFileReference; lastKnownFileType = sourcecode.swift; path = Session.swift; sourceTree = "<group>"; };
		6D843A192342A6C5004A6B20 /* UsersRepository.swift */ = {isa = PBXFileReference; lastKnownFileType = sourcecode.swift; path = UsersRepository.swift; sourceTree = "<group>"; };
		6D843A1B2342A900004A6B20 /* InMemorySessionsRepository.swift */ = {isa = PBXFileReference; lastKnownFileType = sourcecode.swift; path = InMemorySessionsRepository.swift; sourceTree = "<group>"; };
		6D843A1D2342A982004A6B20 /* InMemoryUsersRepository.swift */ = {isa = PBXFileReference; lastKnownFileType = sourcecode.swift; path = InMemoryUsersRepository.swift; sourceTree = "<group>"; };
		6D843A1F2342A9C6004A6B20 /* UserDTO.swift */ = {isa = PBXFileReference; lastKnownFileType = sourcecode.swift; path = UserDTO.swift; sourceTree = "<group>"; };
		6D843A212342AB1B004A6B20 /* SessionDTO.swift */ = {isa = PBXFileReference; lastKnownFileType = sourcecode.swift; path = SessionDTO.swift; sourceTree = "<group>"; };
		6D843A232342AF0F004A6B20 /* UserDefaultsNotesRepository.swift */ = {isa = PBXFileReference; lastKnownFileType = sourcecode.swift; path = UserDefaultsNotesRepository.swift; sourceTree = "<group>"; };
		6DF4A523233AB7CF0077FA75 /* IDDTodoList.app */ = {isa = PBXFileReference; explicitFileType = wrapper.application; includeInIndex = 0; path = IDDTodoList.app; sourceTree = BUILT_PRODUCTS_DIR; };
		6DF4A526233AB7CF0077FA75 /* AppDelegate.swift */ = {isa = PBXFileReference; lastKnownFileType = sourcecode.swift; path = AppDelegate.swift; sourceTree = "<group>"; };
		6DF4A528233AB7CF0077FA75 /* NotesListViewController.swift */ = {isa = PBXFileReference; lastKnownFileType = sourcecode.swift; path = NotesListViewController.swift; sourceTree = "<group>"; };
		6DF4A52D233AB7D30077FA75 /* Assets.xcassets */ = {isa = PBXFileReference; lastKnownFileType = folder.assetcatalog; path = Assets.xcassets; sourceTree = "<group>"; };
		6DF4A530233AB7D30077FA75 /* Base */ = {isa = PBXFileReference; lastKnownFileType = file.storyboard; name = Base; path = Base.lproj/LaunchScreen.storyboard; sourceTree = "<group>"; };
		6DF4A532233AB7D30077FA75 /* Info.plist */ = {isa = PBXFileReference; lastKnownFileType = text.plist.xml; path = Info.plist; sourceTree = "<group>"; };
		6DF4A537233AB7D30077FA75 /* IDDTodoListTests.xctest */ = {isa = PBXFileReference; explicitFileType = wrapper.cfbundle; includeInIndex = 0; path = IDDTodoListTests.xctest; sourceTree = BUILT_PRODUCTS_DIR; };
		6DF4A53B233AB7D30077FA75 /* IDDTodoListTests.swift */ = {isa = PBXFileReference; lastKnownFileType = sourcecode.swift; path = IDDTodoListTests.swift; sourceTree = "<group>"; };
		6DF4A53D233AB7D30077FA75 /* Info.plist */ = {isa = PBXFileReference; lastKnownFileType = text.plist.xml; path = Info.plist; sourceTree = "<group>"; };
		6DF4A542233AB7D30077FA75 /* IDDTodoListUITests.xctest */ = {isa = PBXFileReference; explicitFileType = wrapper.cfbundle; includeInIndex = 0; path = IDDTodoListUITests.xctest; sourceTree = BUILT_PRODUCTS_DIR; };
		6DF4A546233AB7D30077FA75 /* IDDTodoListUITests.swift */ = {isa = PBXFileReference; lastKnownFileType = sourcecode.swift; path = IDDTodoListUITests.swift; sourceTree = "<group>"; };
		6DF4A548233AB7D30077FA75 /* Info.plist */ = {isa = PBXFileReference; lastKnownFileType = text.plist.xml; path = Info.plist; sourceTree = "<group>"; };
		6DF4A557233BB0AE0077FA75 /* CreateNote.swift */ = {isa = PBXFileReference; lastKnownFileType = sourcecode.swift; path = CreateNote.swift; sourceTree = "<group>"; };
		6DF4A55B233BB1F20077FA75 /* NotesListBuilder.swift */ = {isa = PBXFileReference; lastKnownFileType = sourcecode.swift; path = NotesListBuilder.swift; sourceTree = "<group>"; };
		6DF4A55E233BB6340077FA75 /* NotesListPresenter.swift */ = {isa = PBXFileReference; lastKnownFileType = sourcecode.swift; path = NotesListPresenter.swift; sourceTree = "<group>"; };
		6DF4A561233BB6590077FA75 /* NotesListViewController.xib */ = {isa = PBXFileReference; lastKnownFileType = file.xib; path = NotesListViewController.xib; sourceTree = "<group>"; };
		6DF4A566233BB9DE0077FA75 /* AddNoteViewController.xib */ = {isa = PBXFileReference; lastKnownFileType = file.xib; path = AddNoteViewController.xib; sourceTree = "<group>"; };
		6DF4A56A233BBFCF0077FA75 /* GetNotes.swift */ = {isa = PBXFileReference; lastKnownFileType = sourcecode.swift; path = GetNotes.swift; sourceTree = "<group>"; };
		6DF4A56C233BC0890077FA75 /* Note.swift */ = {isa = PBXFileReference; lastKnownFileType = sourcecode.swift; path = Note.swift; sourceTree = "<group>"; };
		6DF4A56E233BC1190077FA75 /* DefaultGetNotesTests.swift */ = {isa = PBXFileReference; lastKnownFileType = sourcecode.swift; path = DefaultGetNotesTests.swift; sourceTree = "<group>"; };
		6DF4A570233BC1BF0077FA75 /* NotesService.swift */ = {isa = PBXFileReference; lastKnownFileType = sourcecode.swift; path = NotesService.swift; sourceTree = "<group>"; };
		6DF4A573233BC2580077FA75 /* MockNotesService.swift */ = {isa = PBXFileReference; lastKnownFileType = sourcecode.swift; path = MockNotesService.swift; sourceTree = "<group>"; };
		6DF4A576233BEDEA0077FA75 /* NoteViewModel.swift */ = {isa = PBXFileReference; lastKnownFileType = sourcecode.swift; path = NoteViewModel.swift; sourceTree = "<group>"; };
		6DF4A57A233BF0AC0077FA75 /* NotesRepository.swift */ = {isa = PBXFileReference; lastKnownFileType = sourcecode.swift; path = NotesRepository.swift; sourceTree = "<group>"; };
		6DF4A57C233BF91D0077FA75 /* NoteTableViewCell.swift */ = {isa = PBXFileReference; lastKnownFileType = sourcecode.swift; path = NoteTableViewCell.swift; sourceTree = "<group>"; };
		6DF4A57D233BF91D0077FA75 /* NoteTableViewCell.xib */ = {isa = PBXFileReference; lastKnownFileType = file.xib; path = NoteTableViewCell.xib; sourceTree = "<group>"; };
		6DF4A582233BFB9E0077FA75 /* NotesListPresenterTests.swift */ = {isa = PBXFileReference; lastKnownFileType = sourcecode.swift; path = NotesListPresenterTests.swift; sourceTree = "<group>"; };
		6DF4A584233BFCAC0077FA75 /* MockGetNotes.swift */ = {isa = PBXFileReference; lastKnownFileType = sourcecode.swift; path = MockGetNotes.swift; sourceTree = "<group>"; };
		6DF4A586233C0CCD0077FA75 /* NotesListCoordinator.swift */ = {isa = PBXFileReference; lastKnownFileType = sourcecode.swift; path = NotesListCoordinator.swift; sourceTree = "<group>"; };
		6DF4A588233C0ECF0077FA75 /* AddNoteViewController.swift */ = {isa = PBXFileReference; lastKnownFileType = sourcecode.swift; path = AddNoteViewController.swift; sourceTree = "<group>"; };
		6DF4A58A233C0EF40077FA75 /* AddNoteBuilder.swift */ = {isa = PBXFileReference; lastKnownFileType = sourcecode.swift; path = AddNoteBuilder.swift; sourceTree = "<group>"; };
		6DF4A58D233C7ACB0077FA75 /* InMemoryNotesRepository.swift */ = {isa = PBXFileReference; lastKnownFileType = sourcecode.swift; path = InMemoryNotesRepository.swift; sourceTree = "<group>"; };
		6DF4A58F233C7B100077FA75 /* SharedDependenciesContainer.swift */ = {isa = PBXFileReference; lastKnownFileType = sourcecode.swift; path = SharedDependenciesContainer.swift; sourceTree = "<group>"; };
		6DF4A591233C7F6D0077FA75 /* AddNotePresenter.swift */ = {isa = PBXFileReference; lastKnownFileType = sourcecode.swift; path = AddNotePresenter.swift; sourceTree = "<group>"; };
		6DF4A593233C85F70077FA75 /* AddNoteCoordinator.swift */ = {isa = PBXFileReference; lastKnownFileType = sourcecode.swift; path = AddNoteCoordinator.swift; sourceTree = "<group>"; };
		6DF4A595233D53BE0077FA75 /* DeleteNote.swift */ = {isa = PBXFileReference; lastKnownFileType = sourcecode.swift; path = DeleteNote.swift; sourceTree = "<group>"; };
		6DF4A597233D5CBD0077FA75 /* NoteDTO.swift */ = {isa = PBXFileReference; lastKnownFileType = sourcecode.swift; path = NoteDTO.swift; sourceTree = "<group>"; };
		6DF4A59D233E675E0077FA75 /* EditNote.swift */ = {isa = PBXFileReference; lastKnownFileType = sourcecode.swift; path = EditNote.swift; sourceTree = "<group>"; };
/* End PBXFileReference section */

/* Begin PBXFrameworksBuildPhase section */
		6DF4A520233AB7CF0077FA75 /* Frameworks */ = {
			isa = PBXFrameworksBuildPhase;
			buildActionMask = 2147483647;
			files = (
			);
			runOnlyForDeploymentPostprocessing = 0;
		};
		6DF4A534233AB7D30077FA75 /* Frameworks */ = {
			isa = PBXFrameworksBuildPhase;
			buildActionMask = 2147483647;
			files = (
			);
			runOnlyForDeploymentPostprocessing = 0;
		};
		6DF4A53F233AB7D30077FA75 /* Frameworks */ = {
			isa = PBXFrameworksBuildPhase;
			buildActionMask = 2147483647;
			files = (
			);
			runOnlyForDeploymentPostprocessing = 0;
		};
/* End PBXFrameworksBuildPhase section */

/* Begin PBXGroup section */
		6D765133233E937400A98D45 /* EditNote */ = {
			isa = PBXGroup;
			children = (
				6D765134233E938800A98D45 /* EditNoteViewController.swift */,
				6D765138233EAD9300A98D45 /* EditNotePresenter.swift */,
				6D765135233E938800A98D45 /* EditNoteViewController.xib */,
				6D76513A233EAECD00A98D45 /* EditNoteNavigator.swift */,
				6D76513C233EAF4F00A98D45 /* EditNoteBuilder.swift */,
			);
			path = EditNote;
			sourceTree = "<group>";
		};
		6D843A02234287F9004A6B20 /* Login */ = {
			isa = PBXGroup;
			children = (
				6D843A0723428BF7004A6B20 /* LoginBuilder.swift */,
				6D843A032342880A004A6B20 /* LoginViewController.swift */,
				6D843A042342880A004A6B20 /* LoginViewController.xib */,
				6D843A092342952A004A6B20 /* LoginPresenter.swift */,
				6D843A0F23429DC0004A6B20 /* LoginNavigator.swift */,
			);
			path = Login;
			sourceTree = "<group>";
		};
		6DF4A51A233AB7CF0077FA75 = {
			isa = PBXGroup;
			children = (
				6DF4A525233AB7CF0077FA75 /* IDDTodoList */,
				6DF4A53A233AB7D30077FA75 /* IDDTodoListTests */,
				6DF4A545233AB7D30077FA75 /* IDDTodoListUITests */,
				6DF4A524233AB7CF0077FA75 /* Products */,
			);
			sourceTree = "<group>";
		};
		6DF4A524233AB7CF0077FA75 /* Products */ = {
			isa = PBXGroup;
			children = (
				6DF4A523233AB7CF0077FA75 /* IDDTodoList.app */,
				6DF4A537233AB7D30077FA75 /* IDDTodoListTests.xctest */,
				6DF4A542233AB7D30077FA75 /* IDDTodoListUITests.xctest */,
			);
			name = Products;
			sourceTree = "<group>";
		};
		6DF4A525233AB7CF0077FA75 /* IDDTodoList */ = {
			isa = PBXGroup;
			children = (
				6DF4A559233BB1D50077FA75 /* Delivery */,
				6DF4A599233E39390077FA75 /* Domain */,
				6DF4A554233BAE4C0077FA75 /* Infrastructure */,
				6DF4A52D233AB7D30077FA75 /* Assets.xcassets */,
				6DF4A52F233AB7D30077FA75 /* LaunchScreen.storyboard */,
				6DF4A532233AB7D30077FA75 /* Info.plist */,
			);
			path = IDDTodoList;
			sourceTree = "<group>";
		};
		6DF4A53A233AB7D30077FA75 /* IDDTodoListTests */ = {
			isa = PBXGroup;
			children = (
				6DF4A53B233AB7D30077FA75 /* IDDTodoListTests.swift */,
				6DF4A580233BFB830077FA75 /* Delivery */,
				6DF4A575233BC2890077FA75 /* Actions */,
				6DF4A572233BC24B0077FA75 /* Mocks */,
				6DF4A53D233AB7D30077FA75 /* Info.plist */,
			);
			path = IDDTodoListTests;
			sourceTree = "<group>";
		};
		6DF4A545233AB7D30077FA75 /* IDDTodoListUITests */ = {
			isa = PBXGroup;
			children = (
				6DF4A546233AB7D30077FA75 /* IDDTodoListUITests.swift */,
				6DF4A548233AB7D30077FA75 /* Info.plist */,
			);
			path = IDDTodoListUITests;
			sourceTree = "<group>";
		};
		6DF4A554233BAE4C0077FA75 /* Infrastructure */ = {
			isa = PBXGroup;
			children = (
				6DF4A59A233E394D0077FA75 /* Model */,
				6DF4A58C233C7AB60077FA75 /* Repositories */,
				6DF4A579233BEFA20077FA75 /* Services */,
				6DF4A578233BEF810077FA75 /* AppCore */,
			);
			path = Infrastructure;
			sourceTree = "<group>";
		};
		6DF4A555233BAE560077FA75 /* Actions */ = {
			isa = PBXGroup;
			children = (
				6DF4A557233BB0AE0077FA75 /* CreateNote.swift */,
				6DF4A56A233BBFCF0077FA75 /* GetNotes.swift */,
				6DF4A595233D53BE0077FA75 /* DeleteNote.swift */,
				6DF4A59D233E675E0077FA75 /* EditNote.swift */,
				6D843A0B2342999D004A6B20 /* LoginUser.swift */,
			);
			path = Actions;
			sourceTree = "<group>";
		};
		6DF4A556233BAE610077FA75 /* Model */ = {
			isa = PBXGroup;
			children = (
				6DF4A55D233BB61A0077FA75 /* Note */,
				6D843A0D23429ACB004A6B20 /* User.swift */,
				6D843A172342A549004A6B20 /* Session.swift */,
			);
			path = Model;
			sourceTree = "<group>";
		};
		6DF4A559233BB1D50077FA75 /* Delivery */ = {
			isa = PBXGroup;
			children = (
				6D843A02234287F9004A6B20 /* Login */,
				6D765133233E937400A98D45 /* EditNote */,
				6DF4A563233BB8710077FA75 /* AddNote */,
				6DF4A55A233BB1DD0077FA75 /* NotesList */,
			);
			path = Delivery;
			sourceTree = "<group>";
		};
		6DF4A55A233BB1DD0077FA75 /* NotesList */ = {
			isa = PBXGroup;
			children = (
				6DF4A55B233BB1F20077FA75 /* NotesListBuilder.swift */,
				6DF4A55E233BB6340077FA75 /* NotesListPresenter.swift */,
				6DF4A528233AB7CF0077FA75 /* NotesListViewController.swift */,
				6DF4A561233BB6590077FA75 /* NotesListViewController.xib */,
				6DF4A576233BEDEA0077FA75 /* NoteViewModel.swift */,
				6DF4A57C233BF91D0077FA75 /* NoteTableViewCell.swift */,
				6DF4A57D233BF91D0077FA75 /* NoteTableViewCell.xib */,
				6DF4A586233C0CCD0077FA75 /* NotesListCoordinator.swift */,
			);
			path = NotesList;
			sourceTree = "<group>";
		};
		6DF4A55D233BB61A0077FA75 /* Note */ = {
			isa = PBXGroup;
			children = (
				6DF4A56C233BC0890077FA75 /* Note.swift */,
			);
			path = Note;
			sourceTree = "<group>";
		};
		6DF4A563233BB8710077FA75 /* AddNote */ = {
			isa = PBXGroup;
			children = (
				6DF4A58A233C0EF40077FA75 /* AddNoteBuilder.swift */,
				6DF4A566233BB9DE0077FA75 /* AddNoteViewController.xib */,
				6DF4A588233C0ECF0077FA75 /* AddNoteViewController.swift */,
				6DF4A591233C7F6D0077FA75 /* AddNotePresenter.swift */,
				6DF4A593233C85F70077FA75 /* AddNoteCoordinator.swift */,
			);
			path = AddNote;
			sourceTree = "<group>";
		};
		6DF4A572233BC24B0077FA75 /* Mocks */ = {
			isa = PBXGroup;
			children = (
				6DF4A573233BC2580077FA75 /* MockNotesService.swift */,
				6DF4A584233BFCAC0077FA75 /* MockGetNotes.swift */,
				6D76512F233E906A00A98D45 /* MockDeleteNote.swift */,
				6D765131233E91F700A98D45 /* Note+dummy.swift */,
			);
			path = Mocks;
			sourceTree = "<group>";
		};
		6DF4A575233BC2890077FA75 /* Actions */ = {
			isa = PBXGroup;
			children = (
				6DF4A56E233BC1190077FA75 /* DefaultGetNotesTests.swift */,
			);
			path = Actions;
			sourceTree = "<group>";
		};
		6DF4A578233BEF810077FA75 /* AppCore */ = {
			isa = PBXGroup;
			children = (
				6DF4A526233AB7CF0077FA75 /* AppDelegate.swift */,
				6DF4A58F233C7B100077FA75 /* SharedDependenciesContainer.swift */,
			);
			path = AppCore;
			sourceTree = "<group>";
		};
		6DF4A579233BEFA20077FA75 /* Services */ = {
			isa = PBXGroup;
			children = (
			);
			path = Services;
			sourceTree = "<group>";
		};
		6DF4A580233BFB830077FA75 /* Delivery */ = {
			isa = PBXGroup;
			children = (
				6DF4A581233BFB8B0077FA75 /* NotesList */,
			);
			path = Delivery;
			sourceTree = "<group>";
		};
		6DF4A581233BFB8B0077FA75 /* NotesList */ = {
			isa = PBXGroup;
			children = (
				6DF4A582233BFB9E0077FA75 /* NotesListPresenterTests.swift */,
			);
			path = NotesList;
			sourceTree = "<group>";
		};
		6DF4A58C233C7AB60077FA75 /* Repositories */ = {
			isa = PBXGroup;
			children = (
				6DF4A58D233C7ACB0077FA75 /* InMemoryNotesRepository.swift */,
				6D843A232342AF0F004A6B20 /* UserDefaultsNotesRepository.swift */,
				6D843A1D2342A982004A6B20 /* InMemoryUsersRepository.swift */,
				6D843A1B2342A900004A6B20 /* InMemorySessionsRepository.swift */,
			);
			path = Repositories;
			sourceTree = "<group>";
		};
		6DF4A599233E39390077FA75 /* Domain */ = {
			isa = PBXGroup;
			children = (
				6DF4A59C233E397F0077FA75 /* Repositories */,
				6DF4A59B233E39720077FA75 /* Services */,
				6DF4A556233BAE610077FA75 /* Model */,
				6DF4A555233BAE560077FA75 /* Actions */,
			);
			path = Domain;
			sourceTree = "<group>";
		};
		6DF4A59A233E394D0077FA75 /* Model */ = {
			isa = PBXGroup;
			children = (
				6DF4A597233D5CBD0077FA75 /* NoteDTO.swift */,
				6D843A1F2342A9C6004A6B20 /* UserDTO.swift */,
				6D843A212342AB1B004A6B20 /* SessionDTO.swift */,
			);
			path = Model;
			sourceTree = "<group>";
		};
		6DF4A59B233E39720077FA75 /* Services */ = {
			isa = PBXGroup;
			children = (
				6DF4A570233BC1BF0077FA75 /* NotesService.swift */,
				6D843A1123429E8A004A6B20 /* UsersService.swift */,
				6D843A132342A45C004A6B20 /* AuthenticationService.swift */,
			);
			path = Services;
			sourceTree = "<group>";
		};
		6DF4A59C233E397F0077FA75 /* Repositories */ = {
			isa = PBXGroup;
			children = (
				6DF4A57A233BF0AC0077FA75 /* NotesRepository.swift */,
				6D843A152342A531004A6B20 /* SessionsRepository.swift */,
				6D843A192342A6C5004A6B20 /* UsersRepository.swift */,
			);
			path = Repositories;
			sourceTree = "<group>";
		};
/* End PBXGroup section */

/* Begin PBXNativeTarget section */
		6DF4A522233AB7CF0077FA75 /* IDDTodoList */ = {
			isa = PBXNativeTarget;
			buildConfigurationList = 6DF4A54B233AB7D30077FA75 /* Build configuration list for PBXNativeTarget "IDDTodoList" */;
			buildPhases = (
				6DF4A51F233AB7CF0077FA75 /* Sources */,
				6DF4A520233AB7CF0077FA75 /* Frameworks */,
				6DF4A521233AB7CF0077FA75 /* Resources */,
			);
			buildRules = (
			);
			dependencies = (
			);
			name = IDDTodoList;
			productName = IDDTodoList;
			productReference = 6DF4A523233AB7CF0077FA75 /* IDDTodoList.app */;
			productType = "com.apple.product-type.application";
		};
		6DF4A536233AB7D30077FA75 /* IDDTodoListTests */ = {
			isa = PBXNativeTarget;
			buildConfigurationList = 6DF4A54E233AB7D30077FA75 /* Build configuration list for PBXNativeTarget "IDDTodoListTests" */;
			buildPhases = (
				6DF4A533233AB7D30077FA75 /* Sources */,
				6DF4A534233AB7D30077FA75 /* Frameworks */,
				6DF4A535233AB7D30077FA75 /* Resources */,
			);
			buildRules = (
			);
			dependencies = (
				6DF4A539233AB7D30077FA75 /* PBXTargetDependency */,
			);
			name = IDDTodoListTests;
			productName = IDDTodoListTests;
			productReference = 6DF4A537233AB7D30077FA75 /* IDDTodoListTests.xctest */;
			productType = "com.apple.product-type.bundle.unit-test";
		};
		6DF4A541233AB7D30077FA75 /* IDDTodoListUITests */ = {
			isa = PBXNativeTarget;
			buildConfigurationList = 6DF4A551233AB7D30077FA75 /* Build configuration list for PBXNativeTarget "IDDTodoListUITests" */;
			buildPhases = (
				6DF4A53E233AB7D30077FA75 /* Sources */,
				6DF4A53F233AB7D30077FA75 /* Frameworks */,
				6DF4A540233AB7D30077FA75 /* Resources */,
			);
			buildRules = (
			);
			dependencies = (
				6DF4A544233AB7D30077FA75 /* PBXTargetDependency */,
			);
			name = IDDTodoListUITests;
			productName = IDDTodoListUITests;
			productReference = 6DF4A542233AB7D30077FA75 /* IDDTodoListUITests.xctest */;
			productType = "com.apple.product-type.bundle.ui-testing";
		};
/* End PBXNativeTarget section */

/* Begin PBXProject section */
		6DF4A51B233AB7CF0077FA75 /* Project object */ = {
			isa = PBXProject;
			attributes = {
				LastSwiftUpdateCheck = 1030;
				LastUpgradeCheck = 1030;
				ORGANIZATIONNAME = PedidosYa;
				TargetAttributes = {
					6DF4A522233AB7CF0077FA75 = {
						CreatedOnToolsVersion = 10.3;
					};
					6DF4A536233AB7D30077FA75 = {
						CreatedOnToolsVersion = 10.3;
						TestTargetID = 6DF4A522233AB7CF0077FA75;
					};
					6DF4A541233AB7D30077FA75 = {
						CreatedOnToolsVersion = 10.3;
						TestTargetID = 6DF4A522233AB7CF0077FA75;
					};
				};
			};
			buildConfigurationList = 6DF4A51E233AB7CF0077FA75 /* Build configuration list for PBXProject "IDDTodoList" */;
			compatibilityVersion = "Xcode 9.3";
			developmentRegion = en;
			hasScannedForEncodings = 0;
			knownRegions = (
				en,
				Base,
			);
			mainGroup = 6DF4A51A233AB7CF0077FA75;
			productRefGroup = 6DF4A524233AB7CF0077FA75 /* Products */;
			projectDirPath = "";
			projectRoot = "";
			targets = (
				6DF4A522233AB7CF0077FA75 /* IDDTodoList */,
				6DF4A536233AB7D30077FA75 /* IDDTodoListTests */,
				6DF4A541233AB7D30077FA75 /* IDDTodoListUITests */,
			);
		};
/* End PBXProject section */

/* Begin PBXResourcesBuildPhase section */
		6DF4A521233AB7CF0077FA75 /* Resources */ = {
			isa = PBXResourcesBuildPhase;
			buildActionMask = 2147483647;
			files = (
				6DF4A562233BB6590077FA75 /* NotesListViewController.xib in Resources */,
				6DF4A531233AB7D30077FA75 /* LaunchScreen.storyboard in Resources */,
				6DF4A52E233AB7D30077FA75 /* Assets.xcassets in Resources */,
				6DF4A57F233BF91D0077FA75 /* NoteTableViewCell.xib in Resources */,
				6D765137233E938800A98D45 /* EditNoteViewController.xib in Resources */,
				6D843A062342880A004A6B20 /* LoginViewController.xib in Resources */,
				6DF4A567233BB9DE0077FA75 /* AddNoteViewController.xib in Resources */,
			);
			runOnlyForDeploymentPostprocessing = 0;
		};
		6DF4A535233AB7D30077FA75 /* Resources */ = {
			isa = PBXResourcesBuildPhase;
			buildActionMask = 2147483647;
			files = (
			);
			runOnlyForDeploymentPostprocessing = 0;
		};
		6DF4A540233AB7D30077FA75 /* Resources */ = {
			isa = PBXResourcesBuildPhase;
			buildActionMask = 2147483647;
			files = (
			);
			runOnlyForDeploymentPostprocessing = 0;
		};
/* End PBXResourcesBuildPhase section */

/* Begin PBXSourcesBuildPhase section */
		6DF4A51F233AB7CF0077FA75 /* Sources */ = {
			isa = PBXSourcesBuildPhase;
			buildActionMask = 2147483647;
			files = (
				6D843A182342A549004A6B20 /* Session.swift in Sources */,
				6DF4A589233C0ECF0077FA75 /* AddNoteViewController.swift in Sources */,
				6DF4A58E233C7ACB0077FA75 /* InMemoryNotesRepository.swift in Sources */,
				6DF4A560233BB6410077FA75 /* NotesListPresenter.swift in Sources */,
				6D76513D233EAF4F00A98D45 /* EditNoteBuilder.swift in Sources */,
				6DF4A57E233BF91D0077FA75 /* NoteTableViewCell.swift in Sources */,
				6D765136233E938800A98D45 /* EditNoteViewController.swift in Sources */,
				6D843A1023429DC0004A6B20 /* LoginNavigator.swift in Sources */,
				6D843A242342AF0F004A6B20 /* UserDefaultsNotesRepository.swift in Sources */,
				6D843A0823428BF7004A6B20 /* LoginBuilder.swift in Sources */,
				6DF4A596233D53BE0077FA75 /* DeleteNote.swift in Sources */,
				6D843A1E2342A982004A6B20 /* InMemoryUsersRepository.swift in Sources */,
				6D843A1A2342A6C5004A6B20 /* UsersRepository.swift in Sources */,
				6D843A0E23429ACB004A6B20 /* User.swift in Sources */,
				6DF4A577233BEDEA0077FA75 /* NoteViewModel.swift in Sources */,
				6DF4A56B233BBFCF0077FA75 /* GetNotes.swift in Sources */,
				6DF4A594233C85F70077FA75 /* AddNoteCoordinator.swift in Sources */,
				6D76513B233EAECD00A98D45 /* EditNoteNavigator.swift in Sources */,
				6DF4A571233BC1BF0077FA75 /* NotesService.swift in Sources */,
				6D843A202342A9C6004A6B20 /* UserDTO.swift in Sources */,
				6D843A142342A45C004A6B20 /* AuthenticationService.swift in Sources */,
				6D843A0C2342999D004A6B20 /* LoginUser.swift in Sources */,
				6D843A1223429E8A004A6B20 /* UsersService.swift in Sources */,
				6DF4A598233D5CBD0077FA75 /* NoteDTO.swift in Sources */,
				6DF4A57B233BF0AC0077FA75 /* NotesRepository.swift in Sources */,
				6D765139233EAD9300A98D45 /* EditNotePresenter.swift in Sources */,
				6D843A0A2342952A004A6B20 /* LoginPresenter.swift in Sources */,
				6D843A162342A531004A6B20 /* SessionsRepository.swift in Sources */,
				6DF4A529233AB7CF0077FA75 /* NotesListViewController.swift in Sources */,
				6DF4A587233C0CCD0077FA75 /* NotesListCoordinator.swift in Sources */,
				6DF4A56D233BC0890077FA75 /* Note.swift in Sources */,
				6DF4A592233C7F6D0077FA75 /* AddNotePresenter.swift in Sources */,
				6DF4A59E233E675E0077FA75 /* EditNote.swift in Sources */,
				6DF4A55C233BB1F20077FA75 /* NotesListBuilder.swift in Sources */,
				6DF4A558233BB0AE0077FA75 /* CreateNote.swift in Sources */,
				6DF4A527233AB7CF0077FA75 /* AppDelegate.swift in Sources */,
				6D843A1C2342A900004A6B20 /* InMemorySessionsRepository.swift in Sources */,
				6DF4A590233C7B100077FA75 /* SharedDependenciesContainer.swift in Sources */,
				6D843A052342880A004A6B20 /* LoginViewController.swift in Sources */,
				6D843A222342AB1B004A6B20 /* SessionDTO.swift in Sources */,
				6DF4A58B233C0EF40077FA75 /* AddNoteBuilder.swift in Sources */,
			);
			runOnlyForDeploymentPostprocessing = 0;
		};
		6DF4A533233AB7D30077FA75 /* Sources */ = {
			isa = PBXSourcesBuildPhase;
			buildActionMask = 2147483647;
			files = (
				6D765130233E906A00A98D45 /* MockDeleteNote.swift in Sources */,
				6DF4A583233BFB9E0077FA75 /* NotesListPresenterTests.swift in Sources */,
				6DF4A56F233BC1190077FA75 /* DefaultGetNotesTests.swift in Sources */,
				6D765132233E91F700A98D45 /* Note+dummy.swift in Sources */,
				6DF4A53C233AB7D30077FA75 /* IDDTodoListTests.swift in Sources */,
				6DF4A585233BFCAC0077FA75 /* MockGetNotes.swift in Sources */,
				6DF4A574233BC2580077FA75 /* MockNotesService.swift in Sources */,
			);
			runOnlyForDeploymentPostprocessing = 0;
		};
		6DF4A53E233AB7D30077FA75 /* Sources */ = {
			isa = PBXSourcesBuildPhase;
			buildActionMask = 2147483647;
			files = (
				6DF4A547233AB7D30077FA75 /* IDDTodoListUITests.swift in Sources */,
			);
			runOnlyForDeploymentPostprocessing = 0;
		};
/* End PBXSourcesBuildPhase section */

/* Begin PBXTargetDependency section */
		6DF4A539233AB7D30077FA75 /* PBXTargetDependency */ = {
			isa = PBXTargetDependency;
			target = 6DF4A522233AB7CF0077FA75 /* IDDTodoList */;
			targetProxy = 6DF4A538233AB7D30077FA75 /* PBXContainerItemProxy */;
		};
		6DF4A544233AB7D30077FA75 /* PBXTargetDependency */ = {
			isa = PBXTargetDependency;
			target = 6DF4A522233AB7CF0077FA75 /* IDDTodoList */;
			targetProxy = 6DF4A543233AB7D30077FA75 /* PBXContainerItemProxy */;
		};
/* End PBXTargetDependency section */

/* Begin PBXVariantGroup section */
		6DF4A52F233AB7D30077FA75 /* LaunchScreen.storyboard */ = {
			isa = PBXVariantGroup;
			children = (
				6DF4A530233AB7D30077FA75 /* Base */,
			);
			name = LaunchScreen.storyboard;
			sourceTree = "<group>";
		};
/* End PBXVariantGroup section */

/* Begin XCBuildConfiguration section */
		6DF4A549233AB7D30077FA75 /* Debug */ = {
			isa = XCBuildConfiguration;
			buildSettings = {
				ALWAYS_SEARCH_USER_PATHS = NO;
				CLANG_ANALYZER_NONNULL = YES;
				CLANG_ANALYZER_NUMBER_OBJECT_CONVERSION = YES_AGGRESSIVE;
				CLANG_CXX_LANGUAGE_STANDARD = "gnu++14";
				CLANG_CXX_LIBRARY = "libc++";
				CLANG_ENABLE_MODULES = YES;
				CLANG_ENABLE_OBJC_ARC = YES;
				CLANG_ENABLE_OBJC_WEAK = YES;
				CLANG_WARN_BLOCK_CAPTURE_AUTORELEASING = YES;
				CLANG_WARN_BOOL_CONVERSION = YES;
				CLANG_WARN_COMMA = YES;
				CLANG_WARN_CONSTANT_CONVERSION = YES;
				CLANG_WARN_DEPRECATED_OBJC_IMPLEMENTATIONS = YES;
				CLANG_WARN_DIRECT_OBJC_ISA_USAGE = YES_ERROR;
				CLANG_WARN_DOCUMENTATION_COMMENTS = YES;
				CLANG_WARN_EMPTY_BODY = YES;
				CLANG_WARN_ENUM_CONVERSION = YES;
				CLANG_WARN_INFINITE_RECURSION = YES;
				CLANG_WARN_INT_CONVERSION = YES;
				CLANG_WARN_NON_LITERAL_NULL_CONVERSION = YES;
				CLANG_WARN_OBJC_IMPLICIT_RETAIN_SELF = YES;
				CLANG_WARN_OBJC_LITERAL_CONVERSION = YES;
				CLANG_WARN_OBJC_ROOT_CLASS = YES_ERROR;
				CLANG_WARN_RANGE_LOOP_ANALYSIS = YES;
				CLANG_WARN_STRICT_PROTOTYPES = YES;
				CLANG_WARN_SUSPICIOUS_MOVE = YES;
				CLANG_WARN_UNGUARDED_AVAILABILITY = YES_AGGRESSIVE;
				CLANG_WARN_UNREACHABLE_CODE = YES;
				CLANG_WARN__DUPLICATE_METHOD_MATCH = YES;
				CODE_SIGN_IDENTITY = "iPhone Developer";
				COPY_PHASE_STRIP = NO;
				DEBUG_INFORMATION_FORMAT = dwarf;
				ENABLE_STRICT_OBJC_MSGSEND = YES;
				ENABLE_TESTABILITY = YES;
				GCC_C_LANGUAGE_STANDARD = gnu11;
				GCC_DYNAMIC_NO_PIC = NO;
				GCC_NO_COMMON_BLOCKS = YES;
				GCC_OPTIMIZATION_LEVEL = 0;
				GCC_PREPROCESSOR_DEFINITIONS = (
					"DEBUG=1",
					"$(inherited)",
				);
				GCC_WARN_64_TO_32_BIT_CONVERSION = YES;
				GCC_WARN_ABOUT_RETURN_TYPE = YES_ERROR;
				GCC_WARN_UNDECLARED_SELECTOR = YES;
				GCC_WARN_UNINITIALIZED_AUTOS = YES_AGGRESSIVE;
				GCC_WARN_UNUSED_FUNCTION = YES;
				GCC_WARN_UNUSED_VARIABLE = YES;
				IPHONEOS_DEPLOYMENT_TARGET = 12.4;
				MTL_ENABLE_DEBUG_INFO = INCLUDE_SOURCE;
				MTL_FAST_MATH = YES;
				ONLY_ACTIVE_ARCH = YES;
				SDKROOT = iphoneos;
				SWIFT_ACTIVE_COMPILATION_CONDITIONS = DEBUG;
				SWIFT_OPTIMIZATION_LEVEL = "-Onone";
			};
			name = Debug;
		};
		6DF4A54A233AB7D30077FA75 /* Release */ = {
			isa = XCBuildConfiguration;
			buildSettings = {
				ALWAYS_SEARCH_USER_PATHS = NO;
				CLANG_ANALYZER_NONNULL = YES;
				CLANG_ANALYZER_NUMBER_OBJECT_CONVERSION = YES_AGGRESSIVE;
				CLANG_CXX_LANGUAGE_STANDARD = "gnu++14";
				CLANG_CXX_LIBRARY = "libc++";
				CLANG_ENABLE_MODULES = YES;
				CLANG_ENABLE_OBJC_ARC = YES;
				CLANG_ENABLE_OBJC_WEAK = YES;
				CLANG_WARN_BLOCK_CAPTURE_AUTORELEASING = YES;
				CLANG_WARN_BOOL_CONVERSION = YES;
				CLANG_WARN_COMMA = YES;
				CLANG_WARN_CONSTANT_CONVERSION = YES;
				CLANG_WARN_DEPRECATED_OBJC_IMPLEMENTATIONS = YES;
				CLANG_WARN_DIRECT_OBJC_ISA_USAGE = YES_ERROR;
				CLANG_WARN_DOCUMENTATION_COMMENTS = YES;
				CLANG_WARN_EMPTY_BODY = YES;
				CLANG_WARN_ENUM_CONVERSION = YES;
				CLANG_WARN_INFINITE_RECURSION = YES;
				CLANG_WARN_INT_CONVERSION = YES;
				CLANG_WARN_NON_LITERAL_NULL_CONVERSION = YES;
				CLANG_WARN_OBJC_IMPLICIT_RETAIN_SELF = YES;
				CLANG_WARN_OBJC_LITERAL_CONVERSION = YES;
				CLANG_WARN_OBJC_ROOT_CLASS = YES_ERROR;
				CLANG_WARN_RANGE_LOOP_ANALYSIS = YES;
				CLANG_WARN_STRICT_PROTOTYPES = YES;
				CLANG_WARN_SUSPICIOUS_MOVE = YES;
				CLANG_WARN_UNGUARDED_AVAILABILITY = YES_AGGRESSIVE;
				CLANG_WARN_UNREACHABLE_CODE = YES;
				CLANG_WARN__DUPLICATE_METHOD_MATCH = YES;
				CODE_SIGN_IDENTITY = "iPhone Developer";
				COPY_PHASE_STRIP = NO;
				DEBUG_INFORMATION_FORMAT = "dwarf-with-dsym";
				ENABLE_NS_ASSERTIONS = NO;
				ENABLE_STRICT_OBJC_MSGSEND = YES;
				GCC_C_LANGUAGE_STANDARD = gnu11;
				GCC_NO_COMMON_BLOCKS = YES;
				GCC_WARN_64_TO_32_BIT_CONVERSION = YES;
				GCC_WARN_ABOUT_RETURN_TYPE = YES_ERROR;
				GCC_WARN_UNDECLARED_SELECTOR = YES;
				GCC_WARN_UNINITIALIZED_AUTOS = YES_AGGRESSIVE;
				GCC_WARN_UNUSED_FUNCTION = YES;
				GCC_WARN_UNUSED_VARIABLE = YES;
				IPHONEOS_DEPLOYMENT_TARGET = 12.4;
				MTL_ENABLE_DEBUG_INFO = NO;
				MTL_FAST_MATH = YES;
				SDKROOT = iphoneos;
				SWIFT_COMPILATION_MODE = wholemodule;
				SWIFT_OPTIMIZATION_LEVEL = "-O";
				VALIDATE_PRODUCT = YES;
			};
			name = Release;
		};
		6DF4A54C233AB7D30077FA75 /* Debug */ = {
			isa = XCBuildConfiguration;
			buildSettings = {
				ASSETCATALOG_COMPILER_APPICON_NAME = AppIcon;
				CODE_SIGN_STYLE = Automatic;
				DEVELOPMENT_TEAM = 5TE3G4UK44;
				INFOPLIST_FILE = IDDTodoList/Info.plist;
				LD_RUNPATH_SEARCH_PATHS = (
					"$(inherited)",
					"@executable_path/Frameworks",
				);
				PRODUCT_BUNDLE_IDENTIFIER = com.pedidosya.IDDTodoList;
				PRODUCT_NAME = "$(TARGET_NAME)";
				SWIFT_VERSION = 5.0;
				TARGETED_DEVICE_FAMILY = "1,2";
			};
			name = Debug;
		};
		6DF4A54D233AB7D30077FA75 /* Release */ = {
			isa = XCBuildConfiguration;
			buildSettings = {
				ASSETCATALOG_COMPILER_APPICON_NAME = AppIcon;
				CODE_SIGN_STYLE = Automatic;
				DEVELOPMENT_TEAM = 5TE3G4UK44;
				INFOPLIST_FILE = IDDTodoList/Info.plist;
				LD_RUNPATH_SEARCH_PATHS = (
					"$(inherited)",
					"@executable_path/Frameworks",
				);
				PRODUCT_BUNDLE_IDENTIFIER = com.pedidosya.IDDTodoList;
				PRODUCT_NAME = "$(TARGET_NAME)";
				SWIFT_VERSION = 5.0;
				TARGETED_DEVICE_FAMILY = "1,2";
			};
			name = Release;
		};
		6DF4A54F233AB7D30077FA75 /* Debug */ = {
			isa = XCBuildConfiguration;
			buildSettings = {
				ALWAYS_EMBED_SWIFT_STANDARD_LIBRARIES = YES;
				BUNDLE_LOADER = "$(TEST_HOST)";
				CODE_SIGN_STYLE = Automatic;
				DEVELOPMENT_TEAM = 5TE3G4UK44;
				INFOPLIST_FILE = IDDTodoListTests/Info.plist;
				LD_RUNPATH_SEARCH_PATHS = (
					"$(inherited)",
					"@executable_path/Frameworks",
					"@loader_path/Frameworks",
				);
				PRODUCT_BUNDLE_IDENTIFIER = com.pedidosya.IDDTodoListTests;
				PRODUCT_NAME = "$(TARGET_NAME)";
				SWIFT_VERSION = 5.0;
				TARGETED_DEVICE_FAMILY = "1,2";
				TEST_HOST = "$(BUILT_PRODUCTS_DIR)/IDDTodoList.app/IDDTodoList";
			};
			name = Debug;
		};
		6DF4A550233AB7D30077FA75 /* Release */ = {
			isa = XCBuildConfiguration;
			buildSettings = {
				ALWAYS_EMBED_SWIFT_STANDARD_LIBRARIES = YES;
				BUNDLE_LOADER = "$(TEST_HOST)";
				CODE_SIGN_STYLE = Automatic;
				DEVELOPMENT_TEAM = 5TE3G4UK44;
				INFOPLIST_FILE = IDDTodoListTests/Info.plist;
				LD_RUNPATH_SEARCH_PATHS = (
					"$(inherited)",
					"@executable_path/Frameworks",
					"@loader_path/Frameworks",
				);
				PRODUCT_BUNDLE_IDENTIFIER = com.pedidosya.IDDTodoListTests;
				PRODUCT_NAME = "$(TARGET_NAME)";
				SWIFT_VERSION = 5.0;
				TARGETED_DEVICE_FAMILY = "1,2";
				TEST_HOST = "$(BUILT_PRODUCTS_DIR)/IDDTodoList.app/IDDTodoList";
			};
			name = Release;
		};
		6DF4A552233AB7D30077FA75 /* Debug */ = {
			isa = XCBuildConfiguration;
			buildSettings = {
				ALWAYS_EMBED_SWIFT_STANDARD_LIBRARIES = YES;
				CODE_SIGN_STYLE = Automatic;
				DEVELOPMENT_TEAM = 5TE3G4UK44;
				INFOPLIST_FILE = IDDTodoListUITests/Info.plist;
				LD_RUNPATH_SEARCH_PATHS = (
					"$(inherited)",
					"@executable_path/Frameworks",
					"@loader_path/Frameworks",
				);
				PRODUCT_BUNDLE_IDENTIFIER = com.pedidosya.IDDTodoListUITests;
				PRODUCT_NAME = "$(TARGET_NAME)";
				SWIFT_VERSION = 5.0;
				TARGETED_DEVICE_FAMILY = "1,2";
				TEST_TARGET_NAME = IDDTodoList;
			};
			name = Debug;
		};
		6DF4A553233AB7D30077FA75 /* Release */ = {
			isa = XCBuildConfiguration;
			buildSettings = {
				ALWAYS_EMBED_SWIFT_STANDARD_LIBRARIES = YES;
				CODE_SIGN_STYLE = Automatic;
				DEVELOPMENT_TEAM = 5TE3G4UK44;
				INFOPLIST_FILE = IDDTodoListUITests/Info.plist;
				LD_RUNPATH_SEARCH_PATHS = (
					"$(inherited)",
					"@executable_path/Frameworks",
					"@loader_path/Frameworks",
				);
				PRODUCT_BUNDLE_IDENTIFIER = com.pedidosya.IDDTodoListUITests;
				PRODUCT_NAME = "$(TARGET_NAME)";
				SWIFT_VERSION = 5.0;
				TARGETED_DEVICE_FAMILY = "1,2";
				TEST_TARGET_NAME = IDDTodoList;
			};
			name = Release;
		};
/* End XCBuildConfiguration section */

/* Begin XCConfigurationList section */
		6DF4A51E233AB7CF0077FA75 /* Build configuration list for PBXProject "IDDTodoList" */ = {
			isa = XCConfigurationList;
			buildConfigurations = (
				6DF4A549233AB7D30077FA75 /* Debug */,
				6DF4A54A233AB7D30077FA75 /* Release */,
			);
			defaultConfigurationIsVisible = 0;
			defaultConfigurationName = Release;
		};
		6DF4A54B233AB7D30077FA75 /* Build configuration list for PBXNativeTarget "IDDTodoList" */ = {
			isa = XCConfigurationList;
			buildConfigurations = (
				6DF4A54C233AB7D30077FA75 /* Debug */,
				6DF4A54D233AB7D30077FA75 /* Release */,
			);
			defaultConfigurationIsVisible = 0;
			defaultConfigurationName = Release;
		};
		6DF4A54E233AB7D30077FA75 /* Build configuration list for PBXNativeTarget "IDDTodoListTests" */ = {
			isa = XCConfigurationList;
			buildConfigurations = (
				6DF4A54F233AB7D30077FA75 /* Debug */,
				6DF4A550233AB7D30077FA75 /* Release */,
			);
			defaultConfigurationIsVisible = 0;
			defaultConfigurationName = Release;
		};
		6DF4A551233AB7D30077FA75 /* Build configuration list for PBXNativeTarget "IDDTodoListUITests" */ = {
			isa = XCConfigurationList;
			buildConfigurations = (
				6DF4A552233AB7D30077FA75 /* Debug */,
				6DF4A553233AB7D30077FA75 /* Release */,
			);
			defaultConfigurationIsVisible = 0;
			defaultConfigurationName = Release;
		};
/* End XCConfigurationList section */
	};
	rootObject = 6DF4A51B233AB7CF0077FA75 /* Project object */;
}
